
Microsoft Visual Studio Solution File, Format Version 12.00
# Visual Studio Version 17
VisualStudioVersion = 17.3.32929.385
MinimumVisualStudioVersion = 10.0.40219.1
Project("{FAE04EC0-301F-11D3-BF4B-00C04F79EFBC}") = "CalendarFormula1", "CalendarFormula1\CalendarFormula1.csproj", "{F4C415E9-FBF8-4C2D-A5F1-D6881834B07F}"
EndProject
Global
	GlobalSection(SolutionConfigurationPlatforms) = preSolution
		Debug|Any CPU = Debug|Any CPU
		Release|Any CPU = Release|Any CPU
	EndGlobalSection
	GlobalSection(ProjectConfigurationPlatforms) = postSolution
		{F4C415E9-FBF8-4C2D-A5F1-D6881834B07F}.Debug|Any CPU.ActiveCfg = Debug|Any CPU
		{F4C415E9-FBF8-4C2D-A5F1-D6881834B07F}.Debug|Any CPU.Build.0 = Debug|Any CPU
		{F4C415E9-FBF8-4C2D-A5F1-D6881834B07F}.Release|Any CPU.ActiveCfg = Release|Any CPU
		{F4C415E9-FBF8-4C2D-A5F1-D6881834B07F}.Release|Any CPU.Build.0 = Release|Any CPU
	EndGlobalSection
	GlobalSection(SolutionProperties) = preSolution
		HideSolutionNode = FALSE
	EndGlobalSection
	GlobalSection(ExtensibilityGlobals) = postSolution
		SolutionGuid = {5B024428-19D1-4BDE-8C69-6C508377D449}
	EndGlobalSection
EndGlobal
